{
  "name": "vite-build-slot-demo",
  "version": "0.0.0",
  "lockfileVersion": 1,
  "requires": true,
  "dependencies": {
    "@antfu/utils": {
      "version": "0.7.2",
      "resolved": "https://registry.npmjs.org/@antfu/utils/-/utils-0.7.2.tgz",
      "integrity": "sha512-vy9fM3pIxZmX07dL+VX1aZe7ynZ+YyB0jY+jE6r3hOK6GNY2t6W8rzpFC4tgpbXUYABkFQwgJq2XYXlxbXAI0g==",
      "dev": true
    },
    "@babel/helper-string-parser": {
      "version": "7.19.4",
      "resolved": "https://registry.npmjs.org/@babel/helper-string-parser/-/helper-string-parser-7.19.4.tgz",
      "integrity": "sha512-nHtDoQcuqFmwYNYPz3Rah5ph2p8PFeFCsZk9A/48dPc/rGocJ5J3hAAZ7pb76VWX3fZKu+uEr/FhH5jLx7umrw==",
      "dev": true
    },
    "@babel/helper-validator-identifier": {
      "version": "7.19.1",
      "resolved": "https://registry.npmjs.org/@babel/helper-validator-identifier/-/helper-validator-identifier-7.19.1.tgz",
      "integrity": "sha512-awrNfaMtnHUr653GgGEs++LlAvW6w+DcPrOliSMXWCKo597CwL5Acf/wWdNkf/tfEQE3mjkeD1YOVZOUV/od1w==",
      "dev": true
    },
    "@babel/parser": {
      "version": "7.20.7",
      "resolved": "https://registry.npmjs.org/@babel/parser/-/parser-7.20.7.tgz",
      "integrity": "sha512-T3Z9oHybU+0vZlY9CiDSJQTD5ZapcW18ZctFMi0MOAl/4BjFF4ul7NVSARLdbGO5vDqy9eQiGTV0LtKfvCYvcg=="
    },
    "@babel/types": {
      "version": "7.20.7",
      "resolved": "https://registry.npmjs.org/@babel/types/-/types-7.20.7.tgz",
      "integrity": "sha512-69OnhBxSSgK0OzTJai4kyPDiKTIe3j+ctaHdIGVbRahTLAT7L3R9oeXHC2aVSuGYt3cVnoAMDmOCgJ2yaiLMvg==",
      "dev": true,
      "requires": {
        "@babel/helper-string-parser": "^7.19.4",
        "@babel/helper-validator-identifier": "^7.19.1",
        "to-fast-properties": "^2.0.0"
      }
    },
    "@esbuild/android-arm": {
      "version": "0.16.16",
      "resolved": "https://registry.npmjs.org/@esbuild/android-arm/-/android-arm-0.16.16.tgz",
      "integrity": "sha512-BUuWMlt4WSXod1HSl7aGK8fJOsi+Tab/M0IDK1V1/GstzoOpqc/v3DqmN8MkuapPKQ9Br1WtLAN4uEgWR8x64A==",
      "dev": true,
      "optional": true
    },
    "@esbuild/android-arm64": {
      "version": "0.16.16",
      "resolved": "https://registry.npmjs.org/@esbuild/android-arm64/-/android-arm64-0.16.16.tgz",
      "integrity": "sha512-hFHVAzUKp9Tf8psGq+bDVv+6hTy1bAOoV/jJMUWwhUnIHsh6WbFMhw0ZTkqDuh7TdpffFoHOiIOIxmHc7oYRBQ==",
      "dev": true,
      "optional": true
    },
    "@esbuild/android-x64": {
      "version": "0.16.16",
      "resolved": "https://registry.npmjs.org/@esbuild/android-x64/-/android-x64-0.16.16.tgz",
      "integrity": "sha512-9WhxJpeb6XumlfivldxqmkJepEcELekmSw3NkGrs+Edq6sS5KRxtUBQuKYDD7KqP59dDkxVbaoPIQFKWQG0KLg==",
      "dev": true,
      "optional": true
    },
    "@esbuild/darwin-arm64": {
      "version": "0.16.16",
      "resolved": "https://registry.npmjs.org/@esbuild/darwin-arm64/-/darwin-arm64-0.16.16.tgz",
      "integrity": "sha512-8Z+wld+vr/prHPi2O0X7o1zQOfMbXWGAw9hT0jEyU/l/Yrg+0Z3FO9pjPho72dVkZs4ewZk0bDOFLdZHm8jEfw==",
      "dev": true,
      "optional": true
    },
    "@esbuild/darwin-x64": {
      "version": "0.16.16",
      "resolved": "https://registry.npmjs.org/@esbuild/darwin-x64/-/darwin-x64-0.16.16.tgz",
      "integrity": "sha512-CYkxVvkZzGCqFrt7EgjFxQKhlUPyDkuR9P0Y5wEcmJqVI8ncerOIY5Kej52MhZyzOBXkYrJgZeVZC9xXXoEg9A==",
      "dev": true,
      "optional": true
    },
    "@esbuild/freebsd-arm64": {
      "version": "0.16.16",
      "resolved": "https://registry.npmjs.org/@esbuild/freebsd-arm64/-/freebsd-arm64-0.16.16.tgz",
      "integrity": "sha512-fxrw4BYqQ39z/3Ja9xj/a1gMsVq0xEjhSyI4a9MjfvDDD8fUV8IYliac96i7tzZc3+VytyXX+XNsnpEk5sw5Wg==",
      "dev": true,
      "optional": true
    },
    "@esbuild/freebsd-x64": {
      "version": "0.16.16",
      "resolved": "https://registry.npmjs.org/@esbuild/freebsd-x64/-/freebsd-x64-0.16.16.tgz",
      "integrity": "sha512-8p3v1D+du2jiDvSoNVimHhj7leSfST9YlKsAEO7etBfuqjaBMndo0fmjNLp0JCMld+XIx9L80tooOkyUv1a1PQ==",
      "dev": true,
      "optional": true
    },
    "@esbuild/linux-arm": {
      "version": "0.16.16",
      "resolved": "https://registry.npmjs.org/@esbuild/linux-arm/-/linux-arm-0.16.16.tgz",
      "integrity": "sha512-bYaocE1/PTMRmkgSckZ0D0Xn2nox8v2qlk+MVVqm+VECNKDdZvghVZtH41dNtBbwADSvA6qkCHGYeWm9LrNCBw==",
      "dev": true,
      "optional": true
    },
    "@esbuild/linux-arm64": {
      "version": "0.16.16",
      "resolved": "https://registry.npmjs.org/@esbuild/linux-arm64/-/linux-arm64-0.16.16.tgz",
      "integrity": "sha512-N3u6BBbCVY3xeP2D8Db7QY8I+nZ+2AgOopUIqk+5yCoLnsWkcVxD2ay5E9iIdvApFi1Vg1lZiiwaVp8bOpAc4A==",
      "dev": true,
      "optional": true
    },
    "@esbuild/linux-ia32": {
      "version": "0.16.16",
      "resolved": "https://registry.npmjs.org/@esbuild/linux-ia32/-/linux-ia32-0.16.16.tgz",
      "integrity": "sha512-dxjqLKUW8GqGemoRT9v8IgHk+T4tRm1rn1gUcArsp26W9EkK/27VSjBVUXhEG5NInHZ92JaQ3SSMdTwv/r9a2A==",
      "dev": true,
      "optional": true
    },
    "@esbuild/linux-loong64": {
      "version": "0.16.16",
      "resolved": "https://registry.npmjs.org/@esbuild/linux-loong64/-/linux-loong64-0.16.16.tgz",
      "integrity": "sha512-MdUFggHjRiCCwNE9+1AibewoNq6wf94GLB9Q9aXwl+a75UlRmbRK3h6WJyrSGA6ZstDJgaD2wiTSP7tQNUYxwA==",
      "dev": true,
      "optional": true
    },
    "@esbuild/linux-mips64el": {
      "version": "0.16.16",
      "resolved": "https://registry.npmjs.org/@esbuild/linux-mips64el/-/linux-mips64el-0.16.16.tgz",
      "integrity": "sha512-CO3YmO7jYMlGqGoeFeKzdwx/bx8Vtq/SZaMAi+ZLDUnDUdfC7GmGwXzIwDJ70Sg+P9pAemjJyJ1icKJ9R3q/Fg==",
      "dev": true,
      "optional": true
    },
    "@esbuild/linux-ppc64": {
      "version": "0.16.16",
      "resolved": "https://registry.npmjs.org/@esbuild/linux-ppc64/-/linux-ppc64-0.16.16.tgz",
      "integrity": "sha512-DSl5Czh5hCy/7azX0Wl9IdzPHX2H8clC6G87tBnZnzUpNgRxPFhfmArbaHoAysu4JfqCqbB/33u/GL9dUgCBAw==",
      "dev": true,
      "optional": true
    },
    "@esbuild/linux-riscv64": {
      "version": "0.16.16",
      "resolved": "https://registry.npmjs.org/@esbuild/linux-riscv64/-/linux-riscv64-0.16.16.tgz",
      "integrity": "sha512-sSVVMEXsqf1fQu0j7kkhXMViroixU5XoaJXl1u/u+jbXvvhhCt9YvA/B6VM3aM/77HuRQ94neS5bcisijGnKFQ==",
      "dev": true,
      "optional": true
    },
    "@esbuild/linux-s390x": {
      "version": "0.16.16",
      "resolved": "https://registry.npmjs.org/@esbuild/linux-s390x/-/linux-s390x-0.16.16.tgz",
      "integrity": "sha512-jRqBCre9gZGoCdCN/UWCCMwCMsOg65IpY9Pyj56mKCF5zXy9d60kkNRdDN6YXGjr3rzcC4DXnS/kQVCGcC4yPQ==",
      "dev": true,
      "optional": true
    },
    "@esbuild/linux-x64": {
      "version": "0.16.16",
      "resolved": "https://registry.npmjs.org/@esbuild/linux-x64/-/linux-x64-0.16.16.tgz",
      "integrity": "sha512-G1+09TopOzo59/55lk5Q0UokghYLyHTKKzD5lXsAOOlGDbieGEFJpJBr3BLDbf7cz89KX04sBeExAR/pL/26sA==",
      "dev": true,
      "optional": true
    },
    "@esbuild/netbsd-x64": {
      "version": "0.16.16",
      "resolved": "https://registry.npmjs.org/@esbuild/netbsd-x64/-/netbsd-x64-0.16.16.tgz",
      "integrity": "sha512-xwjGJB5wwDEujLaJIrSMRqWkbigALpBNcsF9SqszoNKc+wY4kPTdKrSxiY5ik3IatojePP+WV108MvF6q6np4w==",
      "dev": true,
      "optional": true
    },
    "@esbuild/openbsd-x64": {
      "version": "0.16.16",
      "resolved": "https://registry.npmjs.org/@esbuild/openbsd-x64/-/openbsd-x64-0.16.16.tgz",
      "integrity": "sha512-yeERkoxG2nR2oxO5n+Ms7MsCeNk23zrby2GXCqnfCpPp7KNc0vxaaacIxb21wPMfXXRhGBrNP4YLIupUBrWdlg==",
      "dev": true,
      "optional": true
    },
    "@esbuild/sunos-x64": {
      "version": "0.16.16",
      "resolved": "https://registry.npmjs.org/@esbuild/sunos-x64/-/sunos-x64-0.16.16.tgz",
      "integrity": "sha512-nHfbEym0IObXPhtX6Va3H5GaKBty2kdhlAhKmyCj9u255ktAj0b1YACUs9j5H88NRn9cJCthD1Ik/k9wn8YKVg==",
      "dev": true,
      "optional": true
    },
    "@esbuild/win32-arm64": {
      "version": "0.16.16",
      "resolved": "https://registry.npmjs.org/@esbuild/win32-arm64/-/win32-arm64-0.16.16.tgz",
      "integrity": "sha512-pdD+M1ZOFy4hE15ZyPX09fd5g4DqbbL1wXGY90YmleVS6Y5YlraW4BvHjim/X/4yuCpTsAFvsT4Nca2lbyDH/A==",
      "dev": true,
      "optional": true
    },
    "@esbuild/win32-ia32": {
      "version": "0.16.16",
      "resolved": "https://registry.npmjs.org/@esbuild/win32-ia32/-/win32-ia32-0.16.16.tgz",
      "integrity": "sha512-IPEMfU9p0c3Vb8PqxaPX6BM9rYwlTZGYOf9u+kMdhoILZkVKEjq6PKZO0lB+isojWwAnAqh4ZxshD96njTXajg==",
      "dev": true,
      "optional": true
    },
    "@esbuild/win32-x64": {
      "version": "0.16.16",
      "resolved": "https://registry.npmjs.org/@esbuild/win32-x64/-/win32-x64-0.16.16.tgz",
      "integrity": "sha512-1YYpoJ39WV/2bnShPwgdzJklc+XS0bysN6Tpnt1cWPdeoKOG4RMEY1g7i534QxXX/rPvNx/NLJQTTCeORYzipg==",
      "dev": true,
      "optional": true
    },
    "@jridgewell/sourcemap-codec": {
      "version": "1.4.14",
      "resolved": "https://registry.npmjs.org/@jridgewell/sourcemap-codec/-/sourcemap-codec-1.4.14.tgz",
      "integrity": "sha512-XPSJHWmi394fuUuzDnGz1wiKqWfo1yXecHQMRf2l6hztTO+nPru658AyDngaBe7isIxEkRsPR3FZh+s7iVa4Uw==",
      "dev": true
    },
    "@rollup/pluginutils": {
      "version": "5.0.2",
      "resolved": "https://registry.npmjs.org/@rollup/pluginutils/-/pluginutils-5.0.2.tgz",
      "integrity": "sha512-pTd9rIsP92h+B6wWwFbW8RkZv4hiR/xKsqre4SIuAOaOEQRxi0lqLke9k2/7WegC85GgUs9pjmOjCUi3In4vwA==",
      "dev": true,
      "requires": {
        "@types/estree": "^1.0.0",
        "estree-walker": "^2.0.2",
        "picomatch": "^2.3.1"
      }
    },
    "@types/estree": {
      "version": "1.0.0",
      "resolved": "https://registry.npmjs.org/@types/estree/-/estree-1.0.0.tgz",
      "integrity": "sha512-WulqXMDUTYAXCjZnk6JtIHPigp55cVtDgDrO2gHRwhyJto21+1zbVCtOYB2L1F9w4qCQ0rOGWBnBe0FNTiEJIQ==",
      "dev": true
    },
    "@vitejs/plugin-vue": {
      "version": "4.0.0",
      "resolved": "https://registry.npmjs.org/@vitejs/plugin-vue/-/plugin-vue-4.0.0.tgz",
      "integrity": "sha512-e0X4jErIxAB5oLtDqbHvHpJe/uWNkdpYV83AOG2xo2tEVSzCzewgJMtREZM30wXnM5ls90hxiOtAuVU6H5JgbA==",
      "dev": true
    },
    "@volar/language-core": {
      "version": "1.0.24",
      "resolved": "https://registry.npmjs.org/@volar/language-core/-/language-core-1.0.24.tgz",
      "integrity": "sha512-vTN+alJiWwK0Pax6POqrmevbtFW2dXhjwWiW/MW4f48eDYPLdyURWcr8TixO7EN/nHsUBj2udT7igFKPtjyAKg==",
      "dev": true,
      "requires": {
        "@volar/source-map": "1.0.24",
        "muggle-string": "^0.1.0"
      }
    },
    "@volar/source-map": {
      "version": "1.0.24",
      "resolved": "https://registry.npmjs.org/@volar/source-map/-/source-map-1.0.24.tgz",
      "integrity": "sha512-Qsv/tkplx18pgBr8lKAbM1vcDqgkGKQzbChg6NW+v0CZc3G7FLmK+WrqEPzKlN7Cwdc6XVL559Nod8WKAfKr4A==",
      "dev": true,
      "requires": {
        "muggle-string": "^0.1.0"
      }
    },
    "@volar/typescript": {
      "version": "1.0.24",
      "resolved": "https://registry.npmjs.org/@volar/typescript/-/typescript-1.0.24.tgz",
      "integrity": "sha512-f8hCSk+PfKR1/RQHxZ79V1NpDImHoivqoizK+mstphm25tn/YJ/JnKNjZHB+o21fuW0yKlI26NV3jkVb2Cc/7A==",
      "dev": true,
      "requires": {
        "@volar/language-core": "1.0.24"
      }
    },
    "@volar/vue-language-core": {
      "version": "1.0.24",
      "resolved": "https://registry.npmjs.org/@volar/vue-language-core/-/vue-language-core-1.0.24.tgz",
      "integrity": "sha512-2NTJzSgrwKu6uYwPqLiTMuAzi7fAY3yFy5PJ255bGJc82If0Xr+cW8pC80vpjG0D/aVLmlwAdO4+Ya2BI8GdDg==",
      "dev": true,
      "requires": {
        "@volar/language-core": "1.0.24",
        "@volar/source-map": "1.0.24",
        "@vue/compiler-dom": "^3.2.45",
        "@vue/compiler-sfc": "^3.2.45",
        "@vue/reactivity": "^3.2.45",
        "@vue/shared": "^3.2.45",
        "minimatch": "^5.1.1",
        "vue-template-compiler": "^2.7.14"
      }
    },
    "@volar/vue-typescript": {
      "version": "1.0.24",
      "resolved": "https://registry.npmjs.org/@volar/vue-typescript/-/vue-typescript-1.0.24.tgz",
      "integrity": "sha512-9a25oHDvGaNC0okRS47uqJI6FxY4hUQZUsxeOUFHcqVxZEv8s17LPuP/pMMXyz7jPygrZubB/qXqHY5jEu/akA==",
      "dev": true,
      "requires": {
        "@volar/typescript": "1.0.24",
        "@volar/vue-language-core": "1.0.24"
      }
    },
    "@vue-macros/api": {
      "version": "0.2.3",
      "resolved": "https://registry.npmjs.org/@vue-macros/api/-/api-0.2.3.tgz",
      "integrity": "sha512-T84WwcFvg0Q9E+QHLeLMubYGBoIly5gZaKtBhxbZ7lzYjD5LRi55gKHA5ao8k8DTOulHTpHBLEt25PTldpheJg==",
      "dev": true,
      "requires": {
        "@babel/types": "^7.20.7",
        "@vue-macros/common": "~0.13.6"
      }
    },
    "@vue-macros/better-define": {
      "version": "1.1.3",
      "resolved": "https://registry.npmjs.org/@vue-macros/better-define/-/better-define-1.1.3.tgz",
      "integrity": "sha512-zudEjFa4bYNyjgVWs6kVTn3CeJRtuNVuo/Ny6nHO+OLi6B2G2aRWAQrbp1YI7uvEJYS3dUdnKrX+58icGf1WmQ==",
      "dev": true,
      "requires": {
        "@rollup/pluginutils": "^5.0.2",
        "@vue-macros/api": "~0.2.3",
        "@vue-macros/common": "~0.13.6",
        "unplugin": "^1.0.1"
      }
    },
    "@vue-macros/common": {
      "version": "0.13.6",
      "resolved": "https://registry.npmjs.org/@vue-macros/common/-/common-0.13.6.tgz",
      "integrity": "sha512-KXweBlWTpsWCPy3TLCRCG4mm4zsRoesZLEjxVo7KJdFYqSQBNmCBKprFkBBl36jzq96FqtZIAgQhv8se1R0vqA==",
      "dev": true,
      "requires": {
        "@babel/types": "^7.20.7",
        "@vue/compiler-sfc": "^3.2.45",
        "local-pkg": "^0.4.2",
        "magic-string": "^0.27.0"
      },
      "dependencies": {
        "magic-string": {
          "version": "0.27.0",
          "resolved": "https://registry.npmjs.org/magic-string/-/magic-string-0.27.0.tgz",
          "integrity": "sha512-8UnnX2PeRAPZuN12svgR9j7M1uWMovg/CEnIwIG0LFkXSJJe4PdfUGiTGl8V9bsBHFUtfVINcSyYxd7q+kx9fA==",
          "dev": true,
          "requires": {
            "@jridgewell/sourcemap-codec": "^1.4.13"
          }
        }
      }
    },
    "@vue-macros/define-model": {
      "version": "1.2.1",
      "resolved": "https://registry.npmjs.org/@vue-macros/define-model/-/define-model-1.2.1.tgz",
      "integrity": "sha512-z9aUNVwwGLu3hhQ+lJI0Ra/cZys4/lIYTI9AjGKA57FbT1W1gBzJXRgMi4o/ZX5wGs6tSGwQl1w6KIiPIfUWhw==",
      "dev": true,
      "requires": {
        "@rollup/pluginutils": "^5.0.2",
        "@vue-macros/common": "~0.13.6",
        "ast-walker-scope": "^0.3.1",
        "unplugin": "^1.0.1"
      }
    },
    "@vue-macros/define-props": {
      "version": "0.1.2",
      "resolved": "https://registry.npmjs.org/@vue-macros/define-props/-/define-props-0.1.2.tgz",
      "integrity": "sha512-E7kjLvXxe+QYfRa331vPh0fACsoyOA73lkGlpnFZvGSV08Jx7gXuUfYYQItXD6eMeOc/dhUFkWRVmP5a6r8lwg==",
      "dev": true,
      "requires": {
        "@rollup/pluginutils": "^5.0.2",
        "@vue-macros/common": "~0.13.6",
        "unplugin": "^1.0.1"
      }
    },
    "@vue-macros/define-render": {
      "version": "1.1.2",
      "resolved": "https://registry.npmjs.org/@vue-macros/define-render/-/define-render-1.1.2.tgz",
      "integrity": "sha512-f3kxPUz1JRHaHN7feRpH3KGCo4Za0rVvY5GWWBRrj7XNvk27E+AESHXqdM8xkccQXxatx3z/GhRhrxcvsIcuuA==",
      "dev": true,
      "requires": {
        "@rollup/pluginutils": "^5.0.2",
        "@vue-macros/common": "~0.13.6",
        "unplugin": "^1.0.1"
      }
    },
    "@vue-macros/define-slots": {
      "version": "0.1.2",
      "resolved": "https://registry.npmjs.org/@vue-macros/define-slots/-/define-slots-0.1.2.tgz",
      "integrity": "sha512-cXN5OXX2brSBW0l6dKYu4cH7pE7VonDnvQdpfwPyxWwvObaGF4S2HzqRr4ilLgr+qBpneZiSuMCf09VXdOk6hw==",
      "dev": true,
      "requires": {
        "@rollup/pluginutils": "^5.0.2",
        "@vue-macros/common": "~0.13.6",
        "unplugin": "^1.0.1"
      }
    },
    "@vue-macros/hoist-static": {
      "version": "1.1.2",
      "resolved": "https://registry.npmjs.org/@vue-macros/hoist-static/-/hoist-static-1.1.2.tgz",
      "integrity": "sha512-luuczHBh8P/DzLNmF9js7i56731/Hq/HED4oamE6lZQzqKe3oCrxjoaoyleVrG0dhv0GfEoMja2Q8e6AmbnKnw==",
      "dev": true,
      "requires": {
        "@rollup/pluginutils": "^5.0.2",
        "@vue-macros/common": "~0.13.6",
        "unplugin": "^1.0.1"
      }
    },
    "@vue-macros/named-template": {
      "version": "0.1.2",
      "resolved": "https://registry.npmjs.org/@vue-macros/named-template/-/named-template-0.1.2.tgz",
      "integrity": "sha512-+xG+5Nwq1BXzdeNCDiE1GMloZqFIl/AR81GCwHFvL8BHKkX/FdWcb62LYnWkPwlGVqvHopnugfq/UhwGRn1Hgw==",
      "dev": true,
      "requires": {
        "@rollup/pluginutils": "^5.0.2",
        "@vue-macros/common": "~0.13.6",
        "@vue/compiler-dom": "^3.2.45",
        "unplugin": "^1.0.1"
      }
    },
    "@vue-macros/reactivity-transform-vue2": {
      "version": "0.0.3",
      "resolved": "https://registry.npmjs.org/@vue-macros/reactivity-transform-vue2/-/reactivity-transform-vue2-0.0.3.tgz",
      "integrity": "sha512-0Bquapvk9SMUpoWzd3vcZa2CwIDhjyHEYi80zwnGNKo9m6ut0oUEs+ed4iUXBvqE4ZhfKJhgBVA8NyqnlDgCPQ==",
      "dev": true,
      "requires": {
        "@rollup/pluginutils": "^5.0.2",
        "@vue-macros/common": "~0.13.6",
        "@vue/reactivity-transform": "^3.2.45",
        "unplugin": "^1.0.1"
      }
    },
    "@vue-macros/setup-block": {
      "version": "0.0.3",
      "resolved": "https://registry.npmjs.org/@vue-macros/setup-block/-/setup-block-0.0.3.tgz",
      "integrity": "sha512-1PKUefTDpquISwk9MKB715gdCT2Ogw6lKKwpOtXV37xGlVV12SHB9Uvffj+ovruldG7KKYHvhm+JC3JsTkCKVQ==",
      "dev": true,
      "requires": {
        "@rollup/pluginutils": "^5.0.2",
        "@vue-macros/common": "~0.13.6",
        "@vue/compiler-dom": "^3.2.45",
        "unplugin": "^1.0.1"
      }
    },
    "@vue-macros/setup-component": {
      "version": "0.13.2",
      "resolved": "https://registry.npmjs.org/@vue-macros/setup-component/-/setup-component-0.13.2.tgz",
      "integrity": "sha512-JXUSTv/11bYmdos78R7IwaDs2tRlIwtnOXMI4JNlJ+Hnhj+e+g8R6mz6ccUpMCsySK078L2lMLcOIEc52fbL5w==",
      "dev": true,
      "requires": {
        "@rollup/pluginutils": "^5.0.2",
        "@vue-macros/common": "~0.13.6",
        "unplugin": "^1.0.1"
      }
    },
    "@vue-macros/setup-sfc": {
      "version": "0.13.2",
      "resolved": "https://registry.npmjs.org/@vue-macros/setup-sfc/-/setup-sfc-0.13.2.tgz",
      "integrity": "sha512-WB2hxcjt1ghrp6Dszg6duVT9ML7h7fXvYQlCPfmTvb1cg8gDF4YUABfFvHx2u0ynUT+MVYBoywZAt/FhTVBOWQ==",
      "dev": true,
      "requires": {
        "@rollup/pluginutils": "^5.0.2",
        "@vue-macros/common": "~0.13.6",
        "unplugin": "^1.0.1"
      }
    },
    "@vue-macros/short-emits": {
      "version": "1.1.2",
      "resolved": "https://registry.npmjs.org/@vue-macros/short-emits/-/short-emits-1.1.2.tgz",
      "integrity": "sha512-kFSKKtVs+vm0cAyHZQzK9m1FDyjkjzx3Zc8r4qC8Ol3JI9k3C6nUbcG4i2xe/lxuYkCBhzxQerjcVichhUv4pA==",
      "dev": true,
      "requires": {
        "@rollup/pluginutils": "^5.0.2",
        "@vue-macros/common": "~0.13.6",
        "unplugin": "^1.0.1"
      }
    },
    "@vue/compiler-core": {
      "version": "3.2.45",
      "resolved": "https://registry.npmjs.org/@vue/compiler-core/-/compiler-core-3.2.45.tgz",
      "integrity": "sha512-rcMj7H+PYe5wBV3iYeUgbCglC+pbpN8hBLTJvRiK2eKQiWqu+fG9F+8sW99JdL4LQi7Re178UOxn09puSXvn4A==",
      "requires": {
        "@babel/parser": "^7.16.4",
        "@vue/shared": "3.2.45",
        "estree-walker": "^2.0.2",
        "source-map": "^0.6.1"
      }
    },
    "@vue/compiler-dom": {
      "version": "3.2.45",
      "resolved": "https://registry.npmjs.org/@vue/compiler-dom/-/compiler-dom-3.2.45.tgz",
      "integrity": "sha512-tyYeUEuKqqZO137WrZkpwfPCdiiIeXYCcJ8L4gWz9vqaxzIQRccTSwSWZ/Axx5YR2z+LvpUbmPNXxuBU45lyRw==",
      "requires": {
        "@vue/compiler-core": "3.2.45",
        "@vue/shared": "3.2.45"
      }
    },
    "@vue/compiler-sfc": {
      "version": "3.2.45",
      "resolved": "https://registry.npmjs.org/@vue/compiler-sfc/-/compiler-sfc-3.2.45.tgz",
      "integrity": "sha512-1jXDuWah1ggsnSAOGsec8cFjT/K6TMZ0sPL3o3d84Ft2AYZi2jWJgRMjw4iaK0rBfA89L5gw427H4n1RZQBu6Q==",
      "requires": {
        "@babel/parser": "^7.16.4",
        "@vue/compiler-core": "3.2.45",
        "@vue/compiler-dom": "3.2.45",
        "@vue/compiler-ssr": "3.2.45",
        "@vue/reactivity-transform": "3.2.45",
        "@vue/shared": "3.2.45",
        "estree-walker": "^2.0.2",
        "magic-string": "^0.25.7",
        "postcss": "^8.1.10",
        "source-map": "^0.6.1"
      }
    },
    "@vue/compiler-ssr": {
      "version": "3.2.45",
      "resolved": "https://registry.npmjs.org/@vue/compiler-ssr/-/compiler-ssr-3.2.45.tgz",
      "integrity": "sha512-6BRaggEGqhWht3lt24CrIbQSRD5O07MTmd+LjAn5fJj568+R9eUD2F7wMQJjX859seSlrYog7sUtrZSd7feqrQ==",
      "requires": {
        "@vue/compiler-dom": "3.2.45",
        "@vue/shared": "3.2.45"
      }
    },
    "@vue/reactivity": {
      "version": "3.2.45",
      "resolved": "https://registry.npmjs.org/@vue/reactivity/-/reactivity-3.2.45.tgz",
      "integrity": "sha512-PRvhCcQcyEVohW0P8iQ7HDcIOXRjZfAsOds3N99X/Dzewy8TVhTCT4uXpAHfoKjVTJRA0O0K+6QNkDIZAxNi3A==",
      "requires": {
        "@vue/shared": "3.2.45"
      }
    },
    "@vue/reactivity-transform": {
      "version": "3.2.45",
      "resolved": "https://registry.npmjs.org/@vue/reactivity-transform/-/reactivity-transform-3.2.45.tgz",
      "integrity": "sha512-BHVmzYAvM7vcU5WmuYqXpwaBHjsS8T63jlKGWVtHxAHIoMIlmaMyurUSEs1Zcg46M4AYT5MtB1U274/2aNzjJQ==",
      "requires": {
        "@babel/parser": "^7.16.4",
        "@vue/compiler-core": "3.2.45",
        "@vue/shared": "3.2.45",
        "estree-walker": "^2.0.2",
        "magic-string": "^0.25.7"
      }
    },
    "@vue/runtime-core": {
      "version": "3.2.45",
      "resolved": "https://registry.npmjs.org/@vue/runtime-core/-/runtime-core-3.2.45.tgz",
      "integrity": "sha512-gzJiTA3f74cgARptqzYswmoQx0fIA+gGYBfokYVhF8YSXjWTUA2SngRzZRku2HbGbjzB6LBYSbKGIaK8IW+s0A==",
      "requires": {
        "@vue/reactivity": "3.2.45",
        "@vue/shared": "3.2.45"
      }
    },
    "@vue/runtime-dom": {
      "version": "3.2.45",
      "resolved": "https://registry.npmjs.org/@vue/runtime-dom/-/runtime-dom-3.2.45.tgz",
      "integrity": "sha512-cy88YpfP5Ue2bDBbj75Cb4bIEZUMM/mAkDMfqDTpUYVgTf/kuQ2VQ8LebuZ8k6EudgH8pYhsGWHlY0lcxlvTwA==",
      "requires": {
        "@vue/runtime-core": "3.2.45",
        "@vue/shared": "3.2.45",
        "csstype": "^2.6.8"
      }
    },
    "@vue/server-renderer": {
      "version": "3.2.45",
      "resolved": "https://registry.npmjs.org/@vue/server-renderer/-/server-renderer-3.2.45.tgz",
      "integrity": "sha512-ebiMq7q24WBU1D6uhPK//2OTR1iRIyxjF5iVq/1a5I1SDMDyDu4Ts6fJaMnjrvD3MqnaiFkKQj+LKAgz5WIK3g==",
      "requires": {
        "@vue/compiler-ssr": "3.2.45",
        "@vue/shared": "3.2.45"
      }
    },
    "@vue/shared": {
      "version": "3.2.45",
      "resolved": "https://registry.npmjs.org/@vue/shared/-/shared-3.2.45.tgz",
      "integrity": "sha512-Ewzq5Yhimg7pSztDV+RH1UDKBzmtqieXQlpTVm2AwraoRL/Rks96mvd8Vgi7Lj+h+TH8dv7mXD3FRZR3TUvbSg=="
    },
    "acorn": {
      "version": "8.8.1",
      "resolved": "https://registry.npmjs.org/acorn/-/acorn-8.8.1.tgz",
      "integrity": "sha512-7zFpHzhnqYKrkYdUjF1HI1bzd0VygEGX8lFk4k5zVMqHEoES+P+7TKI+EvLO9WVMJ8eekdO0aDEK044xTXwPPA==",
      "dev": true
    },
    "anymatch": {
      "version": "3.1.3",
      "resolved": "https://registry.npmjs.org/anymatch/-/anymatch-3.1.3.tgz",
      "integrity": "sha512-KMReFUr0B4t+D+OBkjR3KYqvocp2XaSzO55UcB6mgQMd3KbcE+mWTyvVV7D/zsdEbNnV6acZUutkiHQXvTr1Rw==",
      "dev": true,
      "requires": {
        "normalize-path": "^3.0.0",
        "picomatch": "^2.0.4"
      }
    },
    "ast-walker-scope": {
      "version": "0.3.1",
      "resolved": "https://registry.npmjs.org/ast-walker-scope/-/ast-walker-scope-0.3.1.tgz",
      "integrity": "sha512-c+tWaEoA+b4yJp0NUI8/hYKUv1ELqpCMU/fogGazXxu7EXlry37q1wdfhaQqVmQn4l4agMeo4ek76LyKFIxkKA==",
      "dev": true,
      "requires": {
        "@babel/parser": "^7.20.5",
        "@babel/types": "^7.20.5"
      }
    },
    "balanced-match": {
      "version": "1.0.2",
      "resolved": "https://registry.npmjs.org/balanced-match/-/balanced-match-1.0.2.tgz",
      "integrity": "sha512-3oSeUO0TMV67hN1AmbXsK4yaqU7tjiHlbxRDZOpH0KW9+CeX4bRAaX0Anxt0tx2MrpRpWwQaPwIlISEJhYU5Pw==",
      "dev": true
    },
    "binary-extensions": {
      "version": "2.2.0",
      "resolved": "https://registry.npmjs.org/binary-extensions/-/binary-extensions-2.2.0.tgz",
      "integrity": "sha512-jDctJ/IVQbZoJykoeHbhXpOlNBqGNcwXJKJog42E5HDPUwQTSdjCHdihjj0DlnheQ7blbT6dHOafNAiS8ooQKA==",
      "dev": true
    },
    "brace-expansion": {
      "version": "2.0.1",
      "resolved": "https://registry.npmjs.org/brace-expansion/-/brace-expansion-2.0.1.tgz",
      "integrity": "sha512-XnAIvQ8eM+kC6aULx6wuQiwVsnzsi9d3WxzV3FpWTGA19F621kwdbsAcFKXgKUHZWsy+mY6iL1sHTxWEFCytDA==",
      "dev": true,
      "requires": {
        "balanced-match": "^1.0.0"
      }
    },
    "braces": {
      "version": "3.0.2",
      "resolved": "https://registry.npmjs.org/braces/-/braces-3.0.2.tgz",
      "integrity": "sha512-b8um+L1RzM3WDSzvhm6gIz1yfTbBt6YTlcEKAvsmqCZZFw46z626lVj9j1yEPW33H5H+lBQpZMP1k8l+78Ha0A==",
      "dev": true,
      "requires": {
        "fill-range": "^7.0.1"
      }
    },
    "chokidar": {
      "version": "3.5.3",
      "resolved": "https://registry.npmjs.org/chokidar/-/chokidar-3.5.3.tgz",
      "integrity": "sha512-Dr3sfKRP6oTcjf2JmUmFJfeVMvXBdegxB0iVQ5eb2V10uFJUCAS8OByZdVAyVb8xXNz3GjjTgj9kLWsZTqE6kw==",
      "dev": true,
      "requires": {
        "anymatch": "~3.1.2",
        "braces": "~3.0.2",
        "fsevents": "~2.3.2",
        "glob-parent": "~5.1.2",
        "is-binary-path": "~2.1.0",
        "is-glob": "~4.0.1",
        "normalize-path": "~3.0.0",
        "readdirp": "~3.6.0"
      }
    },
    "csstype": {
      "version": "2.6.21",
      "resolved": "https://registry.npmjs.org/csstype/-/csstype-2.6.21.tgz",
      "integrity": "sha512-Z1PhmomIfypOpoMjRQB70jfvy/wxT50qW08YXO5lMIJkrdq4yOTR+AW7FqutScmB9NkLwxo+jU+kZLbofZZq/w=="
    },
    "de-indent": {
      "version": "1.0.2",
      "resolved": "https://registry.npmjs.org/de-indent/-/de-indent-1.0.2.tgz",
      "integrity": "sha512-e/1zu3xH5MQryN2zdVaF0OrdNLUbvWxzMbi+iNA6Bky7l1RoP8a2fIbRocyHclXt/arDrrR6lL3TqFD9pMQTsg==",
      "dev": true
    },
    "esbuild": {
      "version": "0.16.16",
      "resolved": "https://registry.npmjs.org/esbuild/-/esbuild-0.16.16.tgz",
      "integrity": "sha512-24JyKq10KXM5EBIgPotYIJ2fInNWVVqflv3gicIyQqfmUqi4HvDW1VR790cBgLJHCl96Syy7lhoz7tLFcmuRmg==",
      "dev": true,
      "requires": {
        "@esbuild/android-arm": "0.16.16",
        "@esbuild/android-arm64": "0.16.16",
        "@esbuild/android-x64": "0.16.16",
        "@esbuild/darwin-arm64": "0.16.16",
        "@esbuild/darwin-x64": "0.16.16",
        "@esbuild/freebsd-arm64": "0.16.16",
        "@esbuild/freebsd-x64": "0.16.16",
        "@esbuild/linux-arm": "0.16.16",
        "@esbuild/linux-arm64": "0.16.16",
        "@esbuild/linux-ia32": "0.16.16",
        "@esbuild/linux-loong64": "0.16.16",
        "@esbuild/linux-mips64el": "0.16.16",
        "@esbuild/linux-ppc64": "0.16.16",
        "@esbuild/linux-riscv64": "0.16.16",
        "@esbuild/linux-s390x": "0.16.16",
        "@esbuild/linux-x64": "0.16.16",
        "@esbuild/netbsd-x64": "0.16.16",
        "@esbuild/openbsd-x64": "0.16.16",
        "@esbuild/sunos-x64": "0.16.16",
        "@esbuild/win32-arm64": "0.16.16",
        "@esbuild/win32-ia32": "0.16.16",
        "@esbuild/win32-x64": "0.16.16"
      }
    },
    "estree-walker": {
      "version": "2.0.2",
      "resolved": "https://registry.npmjs.org/estree-walker/-/estree-walker-2.0.2.tgz",
      "integrity": "sha512-Rfkk/Mp/DL7JVje3u18FxFujQlTNR2q6QfMSMB7AvCBx91NGj/ba3kCfza0f6dVDbw7YlRf/nDrn7pQrCCyQ/w=="
    },
    "fill-range": {
      "version": "7.0.1",
      "resolved": "https://registry.npmjs.org/fill-range/-/fill-range-7.0.1.tgz",
      "integrity": "sha512-qOo9F+dMUmC2Lcb4BbVvnKJxTPjCm+RRpe4gDuGrzkL7mEVl/djYSu2OdQ2Pa302N4oqkSg9ir6jaLWJ2USVpQ==",
      "dev": true,
      "requires": {
        "to-regex-range": "^5.0.1"
      }
    },
    "fsevents": {
      "version": "2.3.2",
      "resolved": "https://registry.npmjs.org/fsevents/-/fsevents-2.3.2.tgz",
      "integrity": "sha512-xiqMQR4xAeHTuB9uWm+fFRcIOgKBMiOBP+eXiyT7jsgVCq1bkVygt00oASowB7EdtpOHaaPgKt812P9ab+DDKA==",
      "dev": true,
      "optional": true
    },
    "function-bind": {
      "version": "1.1.1",
      "resolved": "https://registry.npmjs.org/function-bind/-/function-bind-1.1.1.tgz",
      "integrity": "sha512-yIovAzMX49sF8Yl58fSCWJ5svSLuaibPxXQJFLmBObTuCr0Mf1KiPopGM9NiFjiYBCbfaa2Fh6breQ6ANVTI0A==",
      "dev": true
    },
    "glob-parent": {
      "version": "5.1.2",
      "resolved": "https://registry.npmjs.org/glob-parent/-/glob-parent-5.1.2.tgz",
      "integrity": "sha512-AOIgSQCepiJYwP3ARnGx+5VnTu2HBYdzbGP45eLw1vr3zB3vZLeyed1sC9hnbcOc9/SrMyM5RPQrkGz4aS9Zow==",
      "dev": true,
      "requires": {
        "is-glob": "^4.0.1"
      }
    },
    "has": {
      "version": "1.0.3",
      "resolved": "https://registry.npmjs.org/has/-/has-1.0.3.tgz",
      "integrity": "sha512-f2dvO0VU6Oej7RkWJGrehjbzMAjFp5/VKPp5tTpWIV4JHHZK1/BxbFRtf/siA2SWTe09caDmVtYYzWEIbBS4zw==",
      "dev": true,
      "requires": {
        "function-bind": "^1.1.1"
      }
    },
    "he": {
      "version": "1.2.0",
      "resolved": "https://registry.npmjs.org/he/-/he-1.2.0.tgz",
      "integrity": "sha512-F/1DnUGPopORZi0ni+CvrCgHQ5FyEAHRLSApuYWMmrbSwoN2Mn/7k+Gl38gJnR7yyDZk6WLXwiGod1JOWNDKGw==",
      "dev": true
    },
    "is-binary-path": {
      "version": "2.1.0",
      "resolved": "https://registry.npmjs.org/is-binary-path/-/is-binary-path-2.1.0.tgz",
      "integrity": "sha512-ZMERYes6pDydyuGidse7OsHxtbI7WVeUEozgR/g7rd0xUimYNlvZRE/K2MgZTjWy725IfelLeVcEM97mmtRGXw==",
      "dev": true,
      "requires": {
        "binary-extensions": "^2.0.0"
      }
    },
    "is-core-module": {
      "version": "2.11.0",
      "resolved": "https://registry.npmjs.org/is-core-module/-/is-core-module-2.11.0.tgz",
      "integrity": "sha512-RRjxlvLDkD1YJwDbroBHMb+cukurkDWNyHx7D3oNB5x9rb5ogcksMC5wHCadcXoo67gVr/+3GFySh3134zi6rw==",
      "dev": true,
      "requires": {
        "has": "^1.0.3"
      }
    },
    "is-extglob": {
      "version": "2.1.1",
      "resolved": "https://registry.npmjs.org/is-extglob/-/is-extglob-2.1.1.tgz",
      "integrity": "sha512-SbKbANkN603Vi4jEZv49LeVJMn4yGwsbzZworEoyEiutsN3nJYdbO36zfhGJ6QEDpOZIFkDtnq5JRxmvl3jsoQ==",
      "dev": true
    },
    "is-glob": {
      "version": "4.0.3",
      "resolved": "https://registry.npmjs.org/is-glob/-/is-glob-4.0.3.tgz",
      "integrity": "sha512-xelSayHH36ZgE7ZWhli7pW34hNbNl8Ojv5KVmkJD4hBdD3th8Tfk9vYasLM+mXWOZhFkgZfxhLSnrwRr4elSSg==",
      "dev": true,
      "requires": {
        "is-extglob": "^2.1.1"
      }
    },
    "is-number": {
      "version": "7.0.0",
      "resolved": "https://registry.npmjs.org/is-number/-/is-number-7.0.0.tgz",
      "integrity": "sha512-41Cifkg6e8TylSpdtTpeLVMqvSBEVzTttHvERD741+pnZ8ANv0004MRL43QKPDlK9cGvNp6NZWZUBlbGXYxxng==",
      "dev": true
    },
    "local-pkg": {
      "version": "0.4.2",
      "resolved": "https://registry.npmjs.org/local-pkg/-/local-pkg-0.4.2.tgz",
      "integrity": "sha512-mlERgSPrbxU3BP4qBqAvvwlgW4MTg78iwJdGGnv7kibKjWcJksrG3t6LB5lXI93wXRDvG4NpUgJFmTG4T6rdrg==",
      "dev": true
    },
    "magic-string": {
      "version": "0.25.9",
      "resolved": "https://registry.npmjs.org/magic-string/-/magic-string-0.25.9.tgz",
      "integrity": "sha512-RmF0AsMzgt25qzqqLc1+MbHmhdx0ojF2Fvs4XnOqz2ZOBXzzkEwc/dJQZCYHAn7v1jbVOjAZfK8msRn4BxO4VQ==",
      "requires": {
        "sourcemap-codec": "^1.4.8"
      }
    },
    "minimatch": {
      "version": "5.1.2",
      "resolved": "https://registry.npmjs.org/minimatch/-/minimatch-5.1.2.tgz",
      "integrity": "sha512-bNH9mmM9qsJ2X4r2Nat1B//1dJVcn3+iBLa3IgqJ7EbGaDNepL9QSHOxN4ng33s52VMMhhIfgCYDk3C4ZmlDAg==",
      "dev": true,
      "requires": {
        "brace-expansion": "^2.0.1"
      }
    },
    "muggle-string": {
      "version": "0.1.0",
      "resolved": "https://registry.npmjs.org/muggle-string/-/muggle-string-0.1.0.tgz",
      "integrity": "sha512-Tr1knR3d2mKvvWthlk7202rywKbiOm4rVFLsfAaSIhJ6dt9o47W4S+JMtWhd/PW9Wrdew2/S2fSvhz3E2gkfEg==",
      "dev": true
    },
    "nanoid": {
      "version": "3.3.4",
      "resolved": "https://registry.npmjs.org/nanoid/-/nanoid-3.3.4.tgz",
      "integrity": "sha512-MqBkQh/OHTS2egovRtLk45wEyNXwF+cokD+1YPf9u5VfJiRdAiRwB2froX5Co9Rh20xs4siNPm8naNotSD6RBw=="
    },
    "normalize-path": {
      "version": "3.0.0",
      "resolved": "https://registry.npmjs.org/normalize-path/-/normalize-path-3.0.0.tgz",
      "integrity": "sha512-6eZs5Ls3WtCisHWp9S2GUy8dqkpGi4BVSz3GaqiE6ezub0512ESztXUwUB6C6IKbQkY2Pnb/mD4WYojCRwcwLA==",
      "dev": true
    },
    "path-parse": {
      "version": "1.0.7",
      "resolved": "https://registry.npmjs.org/path-parse/-/path-parse-1.0.7.tgz",
      "integrity": "sha512-LDJzPVEEEPR+y48z93A0Ed0yXb8pAByGWo/k5YYdYgpY2/2EsOsksJrq7lOHxryrVOn1ejG6oAp8ahvOIQD8sw==",
      "dev": true
    },
    "picocolors": {
      "version": "1.0.0",
      "resolved": "https://registry.npmjs.org/picocolors/-/picocolors-1.0.0.tgz",
      "integrity": "sha512-1fygroTLlHu66zi26VoTDv8yRgm0Fccecssto+MhsZ0D/DGW2sm8E8AjW7NU5VVTRt5GxbeZ5qBuJr+HyLYkjQ=="
    },
    "picomatch": {
      "version": "2.3.1",
      "resolved": "https://registry.npmjs.org/picomatch/-/picomatch-2.3.1.tgz",
      "integrity": "sha512-JU3teHTNjmE2VCGFzuY8EXzCDVwEqB2a8fsIvwaStHhAWJEeVd1o1QD80CU6+ZdEXXSLbSsuLwJjkCBWqRQUVA==",
      "dev": true
    },
    "postcss": {
      "version": "8.4.21",
      "resolved": "https://registry.npmjs.org/postcss/-/postcss-8.4.21.tgz",
      "integrity": "sha512-tP7u/Sn/dVxK2NnruI4H9BG+x+Wxz6oeZ1cJ8P6G/PZY0IKk4k/63TDsQf2kQq3+qoJeLm2kIBUNlZe3zgb4Zg==",
      "requires": {
        "nanoid": "^3.3.4",
        "picocolors": "^1.0.0",
        "source-map-js": "^1.0.2"
      }
    },
    "readdirp": {
      "version": "3.6.0",
      "resolved": "https://registry.npmjs.org/readdirp/-/readdirp-3.6.0.tgz",
      "integrity": "sha512-hOS089on8RduqdbhvQ5Z37A0ESjsqz6qnRcffsMU3495FuTdqSm+7bhJ29JvIOsBDEEnan5DPu9t3To9VRlMzA==",
      "dev": true,
      "requires": {
        "picomatch": "^2.2.1"
      }
    },
    "resolve": {
      "version": "1.22.1",
      "resolved": "https://registry.npmjs.org/resolve/-/resolve-1.22.1.tgz",
      "integrity": "sha512-nBpuuYuY5jFsli/JIs1oldw6fOQCBioohqWZg/2hiaOybXOft4lonv85uDOKXdf8rhyK159cxU5cDcK/NKk8zw==",
      "dev": true,
      "requires": {
        "is-core-module": "^2.9.0",
        "path-parse": "^1.0.7",
        "supports-preserve-symlinks-flag": "^1.0.0"
      }
    },
    "rollup": {
      "version": "3.9.1",
      "resolved": "https://registry.npmjs.org/rollup/-/rollup-3.9.1.tgz",
      "integrity": "sha512-GswCYHXftN8ZKGVgQhTFUJB/NBXxrRGgO2NCy6E8s1rwEJ4Q9/VttNqcYfEvx4dTo4j58YqdC3OVztPzlKSX8w==",
      "dev": true,
      "requires": {
        "fsevents": "~2.3.2"
      }
    },
    "source-map": {
      "version": "0.6.1",
      "resolved": "https://registry.npmjs.org/source-map/-/source-map-0.6.1.tgz",
      "integrity": "sha512-UjgapumWlbMhkBgzT7Ykc5YXUT46F0iKu8SGXq0bcwP5dz/h0Plj6enJqjz1Zbq2l5WaqYnrVbwWOWMyF3F47g=="
    },
    "source-map-js": {
      "version": "1.0.2",
      "resolved": "https://registry.npmjs.org/source-map-js/-/source-map-js-1.0.2.tgz",
      "integrity": "sha512-R0XvVJ9WusLiqTCEiGCmICCMplcCkIwwR11mOSD9CR5u+IXYdiseeEuXCVAjS54zqwkLcPNnmU4OeJ6tUrWhDw=="
    },
    "sourcemap-codec": {
      "version": "1.4.8",
      "resolved": "https://registry.npmjs.org/sourcemap-codec/-/sourcemap-codec-1.4.8.tgz",
      "integrity": "sha512-9NykojV5Uih4lgo5So5dtw+f0JgJX30KCNI8gwhz2J9A15wD0Ml6tjHKwf6fTSa6fAdVBdZeNOs9eJ71qCk8vA=="
    },
    "supports-preserve-symlinks-flag": {
      "version": "1.0.0",
      "resolved": "https://registry.npmjs.org/supports-preserve-symlinks-flag/-/supports-preserve-symlinks-flag-1.0.0.tgz",
      "integrity": "sha512-ot0WnXS9fgdkgIcePe6RHNk1WA8+muPa6cSjeR3V8K27q9BB1rTE3R1p7Hv0z1ZyAc8s6Vvv8DIyWf681MAt0w==",
      "dev": true
    },
    "to-fast-properties": {
      "version": "2.0.0",
      "resolved": "https://registry.npmjs.org/to-fast-properties/-/to-fast-properties-2.0.0.tgz",
      "integrity": "sha512-/OaKK0xYrs3DmxRYqL/yDc+FxFUVYhDlXMhRmv3z915w2HF1tnN1omB354j8VUGO/hbRzyD6Y3sA7v7GS/ceog==",
      "dev": true
    },
    "to-regex-range": {
      "version": "5.0.1",
      "resolved": "https://registry.npmjs.org/to-regex-range/-/to-regex-range-5.0.1.tgz",
      "integrity": "sha512-65P7iz6X5yEr1cwcgvQxbbIw7Uk3gOy5dIdtZ4rDveLqhrdJP+Li/Hx6tyK0NEb+2GCyneCMJiGqrADCSNk8sQ==",
      "dev": true,
      "requires": {
        "is-number": "^7.0.0"
      }
    },
    "typescript": {
      "version": "4.9.4",
      "resolved": "https://registry.npmjs.org/typescript/-/typescript-4.9.4.tgz",
      "integrity": "sha512-Uz+dTXYzxXXbsFpM86Wh3dKCxrQqUcVMxwU54orwlJjOpO3ao8L7j5lH+dWfTwgCwIuM9GQ2kvVotzYJMXTBZg==",
      "dev": true
    },
    "unplugin": {
      "version": "1.0.1",
      "resolved": "https://registry.npmjs.org/unplugin/-/unplugin-1.0.1.tgz",
      "integrity": "sha512-aqrHaVBWW1JVKBHmGo33T5TxeL0qWzfvjWokObHA9bYmN7eNDkwOxmLjhioHl9878qDFMAaT51XNroRyuz7WxA==",
      "dev": true,
      "requires": {
        "acorn": "^8.8.1",
        "chokidar": "^3.5.3",
        "webpack-sources": "^3.2.3",
        "webpack-virtual-modules": "^0.5.0"
      }
    },
    "unplugin-combine": {
      "version": "0.5.3",
      "resolved": "https://registry.npmjs.org/unplugin-combine/-/unplugin-combine-0.5.3.tgz",
      "integrity": "sha512-N3SCmDLOF/ea4dcqLlewNfKBQgBw5asucpsk04eiTdsUrzEvn1vb4Y8bScJ+qD22/rQoZvg64yHjMoai83zCEA==",
      "dev": true,
      "requires": {
        "@antfu/utils": "^0.7.2",
        "unplugin": "^1.0.1"
      }
    },
    "unplugin-vue-define-options": {
      "version": "1.1.2",
      "resolved": "https://registry.npmjs.org/unplugin-vue-define-options/-/unplugin-vue-define-options-1.1.2.tgz",
      "integrity": "sha512-PMYp2m2V/AZPoXchSmo4iNuQm1RevRXbnTqpDPznbQ4Byohm/t2zIi2jlqaNI9PI4ORqP5wNPR8vLGOtEM1s5g==",
      "dev": true,
      "requires": {
        "@rollup/pluginutils": "^5.0.2",
        "@vue-macros/common": "~0.13.6",
        "ast-walker-scope": "^0.3.1",
        "unplugin": "^1.0.1"
      }
    },
    "unplugin-vue-macros": {
      "version": "1.3.1",
      "resolved": "https://registry.npmjs.org/unplugin-vue-macros/-/unplugin-vue-macros-1.3.1.tgz",
      "integrity": "sha512-tGgEQCMY4inJL93d7PpJM+SS79IoC7rVma/231J6+v0XqbkD4GsSMCWGNHkLgnNZlL3+JzBTYChYP2bHFvrrow==",
      "dev": true,
      "requires": {
        "@rollup/pluginutils": "^5.0.2",
        "@vue-macros/better-define": "1.1.3",
        "@vue-macros/common": "0.13.6",
        "@vue-macros/define-model": "1.2.1",
        "@vue-macros/define-props": "0.1.2",
        "@vue-macros/define-render": "1.1.2",
        "@vue-macros/define-slots": "0.1.2",
        "@vue-macros/hoist-static": "1.1.2",
        "@vue-macros/named-template": "0.1.2",
        "@vue-macros/reactivity-transform-vue2": "0.0.3",
        "@vue-macros/setup-block": "0.0.3",
        "@vue-macros/setup-component": "0.13.2",
        "@vue-macros/setup-sfc": "0.13.2",
        "@vue-macros/short-emits": "1.1.2",
        "unplugin-combine": "^0.5.3",
        "unplugin-vue-define-options": "1.1.2"
      }
    },
    "vite": {
      "version": "4.0.4",
      "resolved": "https://registry.npmjs.org/vite/-/vite-4.0.4.tgz",
      "integrity": "sha512-xevPU7M8FU0i/80DMR+YhgrzR5KS2ORy1B4xcX/cXLsvnUWvfHuqMmVU6N0YiJ4JWGRJJsLCgjEzKjG9/GKoSw==",
      "dev": true,
      "requires": {
        "esbuild": "^0.16.3",
        "fsevents": "~2.3.2",
        "postcss": "^8.4.20",
        "resolve": "^1.22.1",
        "rollup": "^3.7.0"
      }
    },
    "vite-plugin-time-reporter": {
      "version": "2.1.0",
      "resolved": "https://registry.npmjs.org/vite-plugin-time-reporter/-/vite-plugin-time-reporter-2.1.0.tgz",
      "integrity": "sha512-amt4hvwvqQkRfUShbLwURUoT+qNX7FLmAdSnCeTdSt4J2miklvc1JpBOQsl/au6k58bFGtQ5I4AY2D8uF2pvTw==",
      "dev": true
    },
    "vue": {
      "version": "3.2.45",
      "resolved": "https://registry.npmjs.org/vue/-/vue-3.2.45.tgz",
      "integrity": "sha512-9Nx/Mg2b2xWlXykmCwiTUCWHbWIj53bnkizBxKai1g61f2Xit700A1ljowpTIM11e3uipOeiPcSqnmBg6gyiaA==",
      "requires": {
        "@vue/compiler-dom": "3.2.45",
        "@vue/compiler-sfc": "3.2.45",
        "@vue/runtime-dom": "3.2.45",
        "@vue/server-renderer": "3.2.45",
        "@vue/shared": "3.2.45"
      }
    },
    "vue-template-compiler": {
      "version": "2.7.14",
      "resolved": "https://registry.npmjs.org/vue-template-compiler/-/vue-template-compiler-2.7.14.tgz",
      "integrity": "sha512-zyA5Y3ArvVG0NacJDkkzJuPQDF8RFeRlzV2vLeSnhSpieO6LK2OVbdLPi5MPPs09Ii+gMO8nY4S3iKQxBxDmWQ==",
      "dev": true,
      "requires": {
        "de-indent": "^1.0.2",
        "he": "^1.2.0"
      }
    },
    "vue-tsc": {
      "version": "1.0.24",
      "resolved": "https://registry.npmjs.org/vue-tsc/-/vue-tsc-1.0.24.tgz",
      "integrity": "sha512-mmU1s5SAqE1nByQAiQnao9oU4vX+mSdsgI8H57SfKH6UVzq/jP9+Dbi2GaV+0b4Cn361d2ln8m6xeU60ApiEXg==",
      "dev": true,
      "requires": {
        "@volar/vue-language-core": "1.0.24",
        "@volar/vue-typescript": "1.0.24"
      }
    },
    "webpack-sources": {
      "version": "3.2.3",
      "resolved": "https://registry.npmjs.org/webpack-sources/-/webpack-sources-3.2.3.tgz",
      "integrity": "sha512-/DyMEOrDgLKKIG0fmvtz+4dUX/3Ghozwgm6iPp8KRhvn+eQf9+Q7GWxVNMk3+uCPWfdXYC4ExGBckIXdFEfH1w==",
      "dev": true
    },
    "webpack-virtual-modules": {
      "version": "0.5.0",
      "resolved": "https://registry.npmjs.org/webpack-virtual-modules/-/webpack-virtual-modules-0.5.0.tgz",
      "integrity": "sha512-kyDivFZ7ZM0BVOUteVbDFhlRt7Ah/CSPwJdi8hBpkK7QLumUqdLtVfm/PX/hkcnrvr0i77fO5+TjZ94Pe+C9iw==",
      "dev": true
    }
  }
}
